
Microsoft Visual Studio Solution File, Format Version 12.00
# Visual Studio Version 17
VisualStudioVersion = 17.1.31911.260
MinimumVisualStudioVersion = 10.0.40219.1
Project("{9A19103F-16F7-4668-BE54-9A1E7A4F7556}") = "ReorderableCollectionView.Forms", "src\ReorderableCollectionView.Forms\ReorderableCollectionView.Forms.csproj", "{3A264849-CB41-4B7B-A449-EDEB488117DE}"
EndProject
Project("{9A19103F-16F7-4668-BE54-9A1E7A4F7556}") = "ReorderableCollectionViewDemos", "samples\ReorderableCollectionViewDemos\ReorderableCollectionViewDemos.csproj", "{F4190B46-0739-492F-B459-532ECC82E038}"
EndProject
Project("{FAE04EC0-301F-11D3-BF4B-00C04F79EFBC}") = "ReorderableCollectionViewDemos.Android", "samples\ReorderableCollectionViewDemos.Android\ReorderableCollectionViewDemos.Android.csproj", "{03F25671-B07F-4821-9984-F128CEA73405}"
EndProject
Project("{FAE04EC0-301F-11D3-BF4B-00C04F79EFBC}") = "ReorderableCollectionViewDemos.iOS", "samples\ReorderableCollectionViewDemos.iOS\ReorderableCollectionViewDemos.iOS.csproj", "{8A8CDBF6-9A4D-4B6D-8D1E-36B4FCB56DC2}"
EndProject
Project("{FAE04EC0-301F-11D3-BF4B-00C04F79EFBC}") = "ReorderableCollectionViewDemos.UWP", "samples\ReorderableCollectionViewDemos.UWP\ReorderableCollectionViewDemos.UWP.csproj", "{916F8230-CC69-4915-8274-EC9722BBD275}"
EndProject
Project("{2150E333-8FDC-42A3-9474-1A3956D46DE8}") = "Solution Items", "Solution Items", "{05F679DA-3E22-4A18-B7BD-C4007D36F229}"
	ProjectSection(SolutionItems) = preProject
		README.md = README.md
	EndProjectSection
EndProject
Project("{2150E333-8FDC-42A3-9474-1A3956D46DE8}") = "images", "images", "{30A0DB50-1AB5-40B6-BFD7-0135AC39DB45}"
	ProjectSection(SolutionItems) = preProject
		images\reorderablecollectionview_ios.gif = images\reorderablecollectionview_ios.gif
		images\variablespangriditemslayout_android.gif = images\variablespangriditemslayout_android.gif
		images\variablespangriditemslayout_windows.gif = images\variablespangriditemslayout_windows.gif
	EndProjectSection
EndProject
Project("{2150E333-8FDC-42A3-9474-1A3956D46DE8}") = "src", "src", "{85B2A0F2-1C2D-49F7-8BEA-1CF62A167EE3}"
EndProject
Project("{2150E333-8FDC-42A3-9474-1A3956D46DE8}") = "samples", "samples", "{2940EBF9-312C-4787-B8D3-718E3F7D75BD}"
EndProject
Global
	GlobalSection(SolutionConfigurationPlatforms) = preSolution
		Ad-Hoc|Any CPU = Ad-Hoc|Any CPU
		Ad-Hoc|ARM = Ad-Hoc|ARM
		Ad-Hoc|iPhone = Ad-Hoc|iPhone
		Ad-Hoc|iPhoneSimulator = Ad-Hoc|iPhoneSimulator
		Ad-Hoc|x64 = Ad-Hoc|x64
		Ad-Hoc|x86 = Ad-Hoc|x86
		AppStore|Any CPU = AppStore|Any CPU
		AppStore|ARM = AppStore|ARM
		AppStore|iPhone = AppStore|iPhone
		AppStore|iPhoneSimulator = AppStore|iPhoneSimulator
		AppStore|x64 = AppStore|x64
		AppStore|x86 = AppStore|x86
		Debug|Any CPU = Debug|Any CPU
		Debug|ARM = Debug|ARM
		Debug|iPhone = Debug|iPhone
		Debug|iPhoneSimulator = Debug|iPhoneSimulator
		Debug|x64 = Debug|x64
		Debug|x86 = Debug|x86
		Release|Any CPU = Release|Any CPU
		Release|ARM = Release|ARM
		Release|iPhone = Release|iPhone
		Release|iPhoneSimulator = Release|iPhoneSimulator
		Release|x64 = Release|x64
		Release|x86 = Release|x86
	EndGlobalSection
	GlobalSection(ProjectConfigurationPlatforms) = postSolution
		{3A264849-CB41-4B7B-A449-EDEB488117DE}.Ad-Hoc|Any CPU.ActiveCfg = Debug|Any CPU
		{3A264849-CB41-4B7B-A449-EDEB488117DE}.Ad-Hoc|Any CPU.Build.0 = Debug|Any CPU
		{3A264849-CB41-4B7B-A449-EDEB488117DE}.Ad-Hoc|ARM.ActiveCfg = Debug|Any CPU
		{3A264849-CB41-4B7B-A449-EDEB488117DE}.Ad-Hoc|ARM.Build.0 = Debug|Any CPU
		{3A264849-CB41-4B7B-A449-EDEB488117DE}.Ad-Hoc|iPhone.ActiveCfg = Debug|Any CPU
		{3A264849-CB41-4B7B-A449-EDEB488117DE}.Ad-Hoc|iPhone.Build.0 = Debug|Any CPU
		{3A264849-CB41-4B7B-A449-EDEB488117DE}.Ad-Hoc|iPhoneSimulator.ActiveCfg = Debug|Any CPU
		{3A264849-CB41-4B7B-A449-EDEB488117DE}.Ad-Hoc|iPhoneSimulator.Build.0 = Debug|Any CPU
		{3A264849-CB41-4B7B-A449-EDEB488117DE}.Ad-Hoc|x64.ActiveCfg = Debug|Any CPU
		{3A264849-CB41-4B7B-A449-EDEB488117DE}.Ad-Hoc|x64.Build.0 = Debug|Any CPU
		{3A264849-CB41-4B7B-A449-EDEB488117DE}.Ad-Hoc|x86.ActiveCfg = Debug|Any CPU
		{3A264849-CB41-4B7B-A449-EDEB488117DE}.Ad-Hoc|x86.Build.0 = Debug|Any CPU
		{3A264849-CB41-4B7B-A449-EDEB488117DE}.AppStore|Any CPU.ActiveCfg = Debug|Any CPU
		{3A264849-CB41-4B7B-A449-EDEB488117DE}.AppStore|Any CPU.Build.0 = Debug|Any CPU
		{3A264849-CB41-4B7B-A449-EDEB488117DE}.AppStore|ARM.ActiveCfg = Debug|Any CPU
		{3A264849-CB41-4B7B-A449-EDEB488117DE}.AppStore|ARM.Build.0 = Debug|Any CPU
		{3A264849-CB41-4B7B-A449-EDEB488117DE}.AppStore|iPhone.ActiveCfg = Debug|Any CPU
		{3A264849-CB41-4B7B-A449-EDEB488117DE}.AppStore|iPhone.Build.0 = Debug|Any CPU
		{3A264849-CB41-4B7B-A449-EDEB488117DE}.AppStore|iPhoneSimulator.ActiveCfg = Debug|Any CPU
		{3A264849-CB41-4B7B-A449-EDEB488117DE}.AppStore|iPhoneSimulator.Build.0 = Debug|Any CPU
		{3A264849-CB41-4B7B-A449-EDEB488117DE}.AppStore|x64.ActiveCfg = Debug|Any CPU
		{3A264849-CB41-4B7B-A449-EDEB488117DE}.AppStore|x64.Build.0 = Debug|Any CPU
		{3A264849-CB41-4B7B-A449-EDEB488117DE}.AppStore|x86.ActiveCfg = Debug|Any CPU
		{3A264849-CB41-4B7B-A449-EDEB488117DE}.AppStore|x86.Build.0 = Debug|Any CPU
		{3A264849-CB41-4B7B-A449-EDEB488117DE}.Debug|Any CPU.ActiveCfg = Debug|Any CPU
		{3A264849-CB41-4B7B-A449-EDEB488117DE}.Debug|Any CPU.Build.0 = Debug|Any CPU
		{3A264849-CB41-4B7B-A449-EDEB488117DE}.Debug|ARM.ActiveCfg = Debug|Any CPU
		{3A264849-CB41-4B7B-A449-EDEB488117DE}.Debug|ARM.Build.0 = Debug|Any CPU
		{3A264849-CB41-4B7B-A449-EDEB488117DE}.Debug|iPhone.ActiveCfg = Debug|Any CPU
		{3A264849-CB41-4B7B-A449-EDEB488117DE}.Debug|iPhone.Build.0 = Debug|Any CPU
		{3A264849-CB41-4B7B-A449-EDEB488117DE}.Debug|iPhoneSimulator.ActiveCfg = Debug|Any CPU
		{3A264849-CB41-4B7B-A449-EDEB488117DE}.Debug|iPhoneSimulator.Build.0 = Debug|Any CPU
		{3A264849-CB41-4B7B-A449-EDEB488117DE}.Debug|x64.ActiveCfg = Debug|Any CPU
		{3A264849-CB41-4B7B-A449-EDEB488117DE}.Debug|x64.Build.0 = Debug|Any CPU
		{3A264849-CB41-4B7B-A449-EDEB488117DE}.Debug|x86.ActiveCfg = Debug|Any CPU
		{3A264849-CB41-4B7B-A449-EDEB488117DE}.Debug|x86.Build.0 = Debug|Any CPU
		{3A264849-CB41-4B7B-A449-EDEB488117DE}.Release|Any CPU.ActiveCfg = Release|Any CPU
		{3A264849-CB41-4B7B-A449-EDEB488117DE}.Release|Any CPU.Build.0 = Release|Any CPU
		{3A264849-CB41-4B7B-A449-EDEB488117DE}.Release|ARM.ActiveCfg = Release|Any CPU
		{3A264849-CB41-4B7B-A449-EDEB488117DE}.Release|ARM.Build.0 = Release|Any CPU
		{3A264849-CB41-4B7B-A449-EDEB488117DE}.Release|iPhone.ActiveCfg = Release|Any CPU
		{3A264849-CB41-4B7B-A449-EDEB488117DE}.Release|iPhone.Build.0 = Release|Any CPU
		{3A264849-CB41-4B7B-A449-EDEB488117DE}.Release|iPhoneSimulator.ActiveCfg = Release|Any CPU
		{3A264849-CB41-4B7B-A449-EDEB488117DE}.Release|iPhoneSimulator.Build.0 = Release|Any CPU
		{3A264849-CB41-4B7B-A449-EDEB488117DE}.Release|x64.ActiveCfg = Release|Any CPU
		{3A264849-CB41-4B7B-A449-EDEB488117DE}.Release|x64.Build.0 = Release|Any CPU
		{3A264849-CB41-4B7B-A449-EDEB488117DE}.Release|x86.ActiveCfg = Release|Any CPU
		{3A264849-CB41-4B7B-A449-EDEB488117DE}.Release|x86.Build.0 = Release|Any CPU
		{F4190B46-0739-492F-B459-532ECC82E038}.Ad-Hoc|Any CPU.ActiveCfg = Debug|Any CPU
		{F4190B46-0739-492F-B459-532ECC82E038}.Ad-Hoc|Any CPU.Build.0 = Debug|Any CPU
		{F4190B46-0739-492F-B459-532ECC82E038}.Ad-Hoc|ARM.ActiveCfg = Debug|Any CPU
		{F4190B46-0739-492F-B459-532ECC82E038}.Ad-Hoc|ARM.Build.0 = Debug|Any CPU
		{F4190B46-0739-492F-B459-532ECC82E038}.Ad-Hoc|iPhone.ActiveCfg = Debug|Any CPU
		{F4190B46-0739-492F-B459-532ECC82E038}.Ad-Hoc|iPhone.Build.0 = Debug|Any CPU
		{F4190B46-0739-492F-B459-532ECC82E038}.Ad-Hoc|iPhoneSimulator.ActiveCfg = Debug|Any CPU
		{F4190B46-0739-492F-B459-532ECC82E038}.Ad-Hoc|iPhoneSimulator.Build.0 = Debug|Any CPU
		{F4190B46-0739-492F-B459-532ECC82E038}.Ad-Hoc|x64.ActiveCfg = Debug|Any CPU
		{F4190B46-0739-492F-B459-532ECC82E038}.Ad-Hoc|x64.Build.0 = Debug|Any CPU
		{F4190B46-0739-492F-B459-532ECC82E038}.Ad-Hoc|x86.ActiveCfg = Debug|Any CPU
		{F4190B46-0739-492F-B459-532ECC82E038}.Ad-Hoc|x86.Build.0 = Debug|Any CPU
		{F4190B46-0739-492F-B459-532ECC82E038}.AppStore|Any CPU.ActiveCfg = Debug|Any CPU
		{F4190B46-0739-492F-B459-532ECC82E038}.AppStore|Any CPU.Build.0 = Debug|Any CPU
		{F4190B46-0739-492F-B459-532ECC82E038}.AppStore|ARM.ActiveCfg = Debug|Any CPU
		{F4190B46-0739-492F-B459-532ECC82E038}.AppStore|ARM.Build.0 = Debug|Any CPU
		{F4190B46-0739-492F-B459-532ECC82E038}.AppStore|iPhone.ActiveCfg = Debug|Any CPU
		{F4190B46-0739-492F-B459-532ECC82E038}.AppStore|iPhone.Build.0 = Debug|Any CPU
		{F4190B46-0739-492F-B459-532ECC82E038}.AppStore|iPhoneSimulator.ActiveCfg = Debug|Any CPU
		{F4190B46-0739-492F-B459-532ECC82E038}.AppStore|iPhoneSimulator.Build.0 = Debug|Any CPU
		{F4190B46-0739-492F-B459-532ECC82E038}.AppStore|x64.ActiveCfg = Debug|Any CPU
		{F4190B46-0739-492F-B459-532ECC82E038}.AppStore|x64.Build.0 = Debug|Any CPU
		{F4190B46-0739-492F-B459-532ECC82E038}.AppStore|x86.ActiveCfg = Debug|Any CPU
		{F4190B46-0739-492F-B459-532ECC82E038}.AppStore|x86.Build.0 = Debug|Any CPU
		{F4190B46-0739-492F-B459-532ECC82E038}.Debug|Any CPU.ActiveCfg = Debug|Any CPU
		{F4190B46-0739-492F-B459-532ECC82E038}.Debug|Any CPU.Build.0 = Debug|Any CPU
		{F4190B46-0739-492F-B459-532ECC82E038}.Debug|ARM.ActiveCfg = Debug|Any CPU
		{F4190B46-0739-492F-B459-532ECC82E038}.Debug|ARM.Build.0 = Debug|Any CPU
		{F4190B46-0739-492F-B459-532ECC82E038}.Debug|iPhone.ActiveCfg = Debug|Any CPU
		{F4190B46-0739-492F-B459-532ECC82E038}.Debug|iPhone.Build.0 = Debug|Any CPU
		{F4190B46-0739-492F-B459-532ECC82E038}.Debug|iPhoneSimulator.ActiveCfg = Debug|Any CPU
		{F4190B46-0739-492F-B459-532ECC82E038}.Debug|iPhoneSimulator.Build.0 = Debug|Any CPU
		{F4190B46-0739-492F-B459-532ECC82E038}.Debug|x64.ActiveCfg = Debug|Any CPU
		{F4190B46-0739-492F-B459-532ECC82E038}.Debug|x64.Build.0 = Debug|Any CPU
		{F4190B46-0739-492F-B459-532ECC82E038}.Debug|x86.ActiveCfg = Debug|Any CPU
		{F4190B46-0739-492F-B459-532ECC82E038}.Debug|x86.Build.0 = Debug|Any CPU
		{F4190B46-0739-492F-B459-532ECC82E038}.Release|Any CPU.ActiveCfg = Release|Any CPU
		{F4190B46-0739-492F-B459-532ECC82E038}.Release|Any CPU.Build.0 = Release|Any CPU
		{F4190B46-0739-492F-B459-532ECC82E038}.Release|ARM.ActiveCfg = Release|Any CPU
		{F4190B46-0739-492F-B459-532ECC82E038}.Release|ARM.Build.0 = Release|Any CPU
		{F4190B46-0739-492F-B459-532ECC82E038}.Release|iPhone.ActiveCfg = Release|Any CPU
		{F4190B46-0739-492F-B459-532ECC82E038}.Release|iPhone.Build.0 = Release|Any CPU
		{F4190B46-0739-492F-B459-532ECC82E038}.Release|iPhoneSimulator.ActiveCfg = Release|Any CPU
		{F4190B46-0739-492F-B459-532ECC82E038}.Release|iPhoneSimulator.Build.0 = Release|Any CPU
		{F4190B46-0739-492F-B459-532ECC82E038}.Release|x64.ActiveCfg = Release|Any CPU
		{F4190B46-0739-492F-B459-532ECC82E038}.Release|x64.Build.0 = Release|Any CPU
		{F4190B46-0739-492F-B459-532ECC82E038}.Release|x86.ActiveCfg = Release|Any CPU
		{F4190B46-0739-492F-B459-532ECC82E038}.Release|x86.Build.0 = Release|Any CPU
		{03F25671-B07F-4821-9984-F128CEA73405}.Ad-Hoc|Any CPU.ActiveCfg = Debug|Any CPU
		{03F25671-B07F-4821-9984-F128CEA73405}.Ad-Hoc|Any CPU.Build.0 = Debug|Any CPU
		{03F25671-B07F-4821-9984-F128CEA73405}.Ad-Hoc|Any CPU.Deploy.0 = Debug|Any CPU
		{03F25671-B07F-4821-9984-F128CEA73405}.Ad-Hoc|ARM.ActiveCfg = Debug|Any CPU
		{03F25671-B07F-4821-9984-F128CEA73405}.Ad-Hoc|ARM.Build.0 = Debug|Any CPU
		{03F25671-B07F-4821-9984-F128CEA73405}.Ad-Hoc|ARM.Deploy.0 = Debug|Any CPU
		{03F25671-B07F-4821-9984-F128CEA73405}.Ad-Hoc|iPhone.ActiveCfg = Debug|Any CPU
		{03F25671-B07F-4821-9984-F128CEA73405}.Ad-Hoc|iPhone.Build.0 = Debug|Any CPU
		{03F25671-B07F-4821-9984-F128CEA73405}.Ad-Hoc|iPhone.Deploy.0 = Debug|Any CPU
		{03F25671-B07F-4821-9984-F128CEA73405}.Ad-Hoc|iPhoneSimulator.ActiveCfg = Debug|Any CPU
		{03F25671-B07F-4821-9984-F128CEA73405}.Ad-Hoc|iPhoneSimulator.Build.0 = Debug|Any CPU
		{03F25671-B07F-4821-9984-F128CEA73405}.Ad-Hoc|iPhoneSimulator.Deploy.0 = Debug|Any CPU
		{03F25671-B07F-4821-9984-F128CEA73405}.Ad-Hoc|x64.ActiveCfg = Debug|Any CPU
		{03F25671-B07F-4821-9984-F128CEA73405}.Ad-Hoc|x64.Build.0 = Debug|Any CPU
		{03F25671-B07F-4821-9984-F128CEA73405}.Ad-Hoc|x64.Deploy.0 = Debug|Any CPU
		{03F25671-B07F-4821-9984-F128CEA73405}.Ad-Hoc|x86.ActiveCfg = Debug|Any CPU
		{03F25671-B07F-4821-9984-F128CEA73405}.Ad-Hoc|x86.Build.0 = Debug|Any CPU
		{03F25671-B07F-4821-9984-F128CEA73405}.Ad-Hoc|x86.Deploy.0 = Debug|Any CPU
		{03F25671-B07F-4821-9984-F128CEA73405}.AppStore|Any CPU.ActiveCfg = Debug|Any CPU
		{03F25671-B07F-4821-9984-F128CEA73405}.AppStore|Any CPU.Build.0 = Debug|Any CPU
		{03F25671-B07F-4821-9984-F128CEA73405}.AppStore|Any CPU.Deploy.0 = Debug|Any CPU
		{03F25671-B07F-4821-9984-F128CEA73405}.AppStore|ARM.ActiveCfg = Debug|Any CPU
		{03F25671-B07F-4821-9984-F128CEA73405}.AppStore|ARM.Build.0 = Debug|Any CPU
		{03F25671-B07F-4821-9984-F128CEA73405}.AppStore|ARM.Deploy.0 = Debug|Any CPU
		{03F25671-B07F-4821-9984-F128CEA73405}.AppStore|iPhone.ActiveCfg = Debug|Any CPU
		{03F25671-B07F-4821-9984-F128CEA73405}.AppStore|iPhone.Build.0 = Debug|Any CPU
		{03F25671-B07F-4821-9984-F128CEA73405}.AppStore|iPhone.Deploy.0 = Debug|Any CPU
		{03F25671-B07F-4821-9984-F128CEA73405}.AppStore|iPhoneSimulator.ActiveCfg = Debug|Any CPU
		{03F25671-B07F-4821-9984-F128CEA73405}.AppStore|iPhoneSimulator.Build.0 = Debug|Any CPU
		{03F25671-B07F-4821-9984-F128CEA73405}.AppStore|iPhoneSimulator.Deploy.0 = Debug|Any CPU
		{03F25671-B07F-4821-9984-F128CEA73405}.AppStore|x64.ActiveCfg = Debug|Any CPU
		{03F25671-B07F-4821-9984-F128CEA73405}.AppStore|x64.Build.0 = Debug|Any CPU
		{03F25671-B07F-4821-9984-F128CEA73405}.AppStore|x64.Deploy.0 = Debug|Any CPU
		{03F25671-B07F-4821-9984-F128CEA73405}.AppStore|x86.ActiveCfg = Debug|Any CPU
		{03F25671-B07F-4821-9984-F128CEA73405}.AppStore|x86.Build.0 = Debug|Any CPU
		{03F25671-B07F-4821-9984-F128CEA73405}.AppStore|x86.Deploy.0 = Debug|Any CPU
		{03F25671-B07F-4821-9984-F128CEA73405}.Debug|Any CPU.ActiveCfg = Debug|Any CPU
		{03F25671-B07F-4821-9984-F128CEA73405}.Debug|Any CPU.Build.0 = Debug|Any CPU
		{03F25671-B07F-4821-9984-F128CEA73405}.Debug|Any CPU.Deploy.0 = Debug|Any CPU
		{03F25671-B07F-4821-9984-F128CEA73405}.Debug|ARM.ActiveCfg = Debug|Any CPU
		{03F25671-B07F-4821-9984-F128CEA73405}.Debug|ARM.Build.0 = Debug|Any CPU
		{03F25671-B07F-4821-9984-F128CEA73405}.Debug|ARM.Deploy.0 = Debug|Any CPU
		{03F25671-B07F-4821-9984-F128CEA73405}.Debug|iPhone.ActiveCfg = Debug|Any CPU
		{03F25671-B07F-4821-9984-F128CEA73405}.Debug|iPhone.Build.0 = Debug|Any CPU
		{03F25671-B07F-4821-9984-F128CEA73405}.Debug|iPhone.Deploy.0 = Debug|Any CPU
		{03F25671-B07F-4821-9984-F128CEA73405}.Debug|iPhoneSimulator.ActiveCfg = Debug|Any CPU
		{03F25671-B07F-4821-9984-F128CEA73405}.Debug|iPhoneSimulator.Build.0 = Debug|Any CPU
		{03F25671-B07F-4821-9984-F128CEA73405}.Debug|iPhoneSimulator.Deploy.0 = Debug|Any CPU
		{03F25671-B07F-4821-9984-F128CEA73405}.Debug|x64.ActiveCfg = Debug|Any CPU
		{03F25671-B07F-4821-9984-F128CEA73405}.Debug|x64.Build.0 = Debug|Any CPU
		{03F25671-B07F-4821-9984-F128CEA73405}.Debug|x64.Deploy.0 = Debug|Any CPU
		{03F25671-B07F-4821-9984-F128CEA73405}.Debug|x86.ActiveCfg = Debug|Any CPU
		{03F25671-B07F-4821-9984-F128CEA73405}.Debug|x86.Build.0 = Debug|Any CPU
		{03F25671-B07F-4821-9984-F128CEA73405}.Debug|x86.Deploy.0 = Debug|Any CPU
		{03F25671-B07F-4821-9984-F128CEA73405}.Release|Any CPU.ActiveCfg = Release|Any CPU
		{03F25671-B07F-4821-9984-F128CEA73405}.Release|Any CPU.Build.0 = Release|Any CPU
		{03F25671-B07F-4821-9984-F128CEA73405}.Release|Any CPU.Deploy.0 = Release|Any CPU
		{03F25671-B07F-4821-9984-F128CEA73405}.Release|ARM.ActiveCfg = Release|Any CPU
		{03F25671-B07F-4821-9984-F128CEA73405}.Release|ARM.Build.0 = Release|Any CPU
		{03F25671-B07F-4821-9984-F128CEA73405}.Release|ARM.Deploy.0 = Release|Any CPU
		{03F25671-B07F-4821-9984-F128CEA73405}.Release|iPhone.ActiveCfg = Release|Any CPU
		{03F25671-B07F-4821-9984-F128CEA73405}.Release|iPhone.Build.0 = Release|Any CPU
		{03F25671-B07F-4821-9984-F128CEA73405}.Release|iPhone.Deploy.0 = Release|Any CPU
		{03F25671-B07F-4821-9984-F128CEA73405}.Release|iPhoneSimulator.ActiveCfg = Release|Any CPU
		{03F25671-B07F-4821-9984-F128CEA73405}.Release|iPhoneSimulator.Build.0 = Release|Any CPU
		{03F25671-B07F-4821-9984-F128CEA73405}.Release|iPhoneSimulator.Deploy.0 = Release|Any CPU
		{03F25671-B07F-4821-9984-F128CEA73405}.Release|x64.ActiveCfg = Release|Any CPU
		{03F25671-B07F-4821-9984-F128CEA73405}.Release|x64.Build.0 = Release|Any CPU
		{03F25671-B07F-4821-9984-F128CEA73405}.Release|x64.Deploy.0 = Release|Any CPU
		{03F25671-B07F-4821-9984-F128CEA73405}.Release|x86.ActiveCfg = Release|Any CPU
		{03F25671-B07F-4821-9984-F128CEA73405}.Release|x86.Build.0 = Release|Any CPU
		{03F25671-B07F-4821-9984-F128CEA73405}.Release|x86.Deploy.0 = Release|Any CPU
		{8A8CDBF6-9A4D-4B6D-8D1E-36B4FCB56DC2}.Ad-Hoc|Any CPU.ActiveCfg = Ad-Hoc|iPhoneSimulator
		{8A8CDBF6-9A4D-4B6D-8D1E-36B4FCB56DC2}.Ad-Hoc|ARM.ActiveCfg = Ad-Hoc|iPhoneSimulator
		{8A8CDBF6-9A4D-4B6D-8D1E-36B4FCB56DC2}.Ad-Hoc|iPhone.ActiveCfg = Ad-Hoc|iPhone
		{8A8CDBF6-9A4D-4B6D-8D1E-36B4FCB56DC2}.Ad-Hoc|iPhone.Build.0 = Ad-Hoc|iPhone
		{8A8CDBF6-9A4D-4B6D-8D1E-36B4FCB56DC2}.Ad-Hoc|iPhoneSimulator.ActiveCfg = Ad-Hoc|iPhoneSimulator
		{8A8CDBF6-9A4D-4B6D-8D1E-36B4FCB56DC2}.Ad-Hoc|iPhoneSimulator.Build.0 = Ad-Hoc|iPhoneSimulator
		{8A8CDBF6-9A4D-4B6D-8D1E-36B4FCB56DC2}.Ad-Hoc|x64.ActiveCfg = Ad-Hoc|iPhoneSimulator
		{8A8CDBF6-9A4D-4B6D-8D1E-36B4FCB56DC2}.Ad-Hoc|x86.ActiveCfg = Ad-Hoc|iPhoneSimulator
		{8A8CDBF6-9A4D-4B6D-8D1E-36B4FCB56DC2}.AppStore|Any CPU.ActiveCfg = AppStore|iPhoneSimulator
		{8A8CDBF6-9A4D-4B6D-8D1E-36B4FCB56DC2}.AppStore|ARM.ActiveCfg = AppStore|iPhoneSimulator
		{8A8CDBF6-9A4D-4B6D-8D1E-36B4FCB56DC2}.AppStore|iPhone.ActiveCfg = AppStore|iPhone
		{8A8CDBF6-9A4D-4B6D-8D1E-36B4FCB56DC2}.AppStore|iPhone.Build.0 = AppStore|iPhone
		{8A8CDBF6-9A4D-4B6D-8D1E-36B4FCB56DC2}.AppStore|iPhoneSimulator.ActiveCfg = AppStore|iPhoneSimulator
		{8A8CDBF6-9A4D-4B6D-8D1E-36B4FCB56DC2}.AppStore|iPhoneSimulator.Build.0 = AppStore|iPhoneSimulator
		{8A8CDBF6-9A4D-4B6D-8D1E-36B4FCB56DC2}.AppStore|x64.ActiveCfg = AppStore|iPhoneSimulator
		{8A8CDBF6-9A4D-4B6D-8D1E-36B4FCB56DC2}.AppStore|x86.ActiveCfg = AppStore|iPhoneSimulator
		{8A8CDBF6-9A4D-4B6D-8D1E-36B4FCB56DC2}.Debug|Any CPU.ActiveCfg = Debug|iPhoneSimulator
		{8A8CDBF6-9A4D-4B6D-8D1E-36B4FCB56DC2}.Debug|ARM.ActiveCfg = Debug|iPhoneSimulator
		{8A8CDBF6-9A4D-4B6D-8D1E-36B4FCB56DC2}.Debug|iPhone.ActiveCfg = Debug|iPhone
		{8A8CDBF6-9A4D-4B6D-8D1E-36B4FCB56DC2}.Debug|iPhone.Build.0 = Debug|iPhone
		{8A8CDBF6-9A4D-4B6D-8D1E-36B4FCB56DC2}.Debug|iPhoneSimulator.ActiveCfg = Debug|iPhoneSimulator
		{8A8CDBF6-9A4D-4B6D-8D1E-36B4FCB56DC2}.Debug|iPhoneSimulator.Build.0 = Debug|iPhoneSimulator
		{8A8CDBF6-9A4D-4B6D-8D1E-36B4FCB56DC2}.Debug|x64.ActiveCfg = Debug|iPhoneSimulator
		{8A8CDBF6-9A4D-4B6D-8D1E-36B4FCB56DC2}.Debug|x86.ActiveCfg = Debug|iPhoneSimulator
		{8A8CDBF6-9A4D-4B6D-8D1E-36B4FCB56DC2}.Release|Any CPU.ActiveCfg = Release|iPhoneSimulator
		{8A8CDBF6-9A4D-4B6D-8D1E-36B4FCB56DC2}.Release|ARM.ActiveCfg = Release|iPhoneSimulator
		{8A8CDBF6-9A4D-4B6D-8D1E-36B4FCB56DC2}.Release|iPhone.ActiveCfg = Release|iPhone
		{8A8CDBF6-9A4D-4B6D-8D1E-36B4FCB56DC2}.Release|iPhone.Build.0 = Release|iPhone
		{8A8CDBF6-9A4D-4B6D-8D1E-36B4FCB56DC2}.Release|iPhoneSimulator.ActiveCfg = Release|iPhoneSimulator
		{8A8CDBF6-9A4D-4B6D-8D1E-36B4FCB56DC2}.Release|iPhoneSimulator.Build.0 = Release|iPhoneSimulator
		{8A8CDBF6-9A4D-4B6D-8D1E-36B4FCB56DC2}.Release|x64.ActiveCfg = Release|iPhoneSimulator
		{8A8CDBF6-9A4D-4B6D-8D1E-36B4FCB56DC2}.Release|x86.ActiveCfg = Release|iPhoneSimulator
		{916F8230-CC69-4915-8274-EC9722BBD275}.Ad-Hoc|Any CPU.ActiveCfg = Debug|ARM
		{916F8230-CC69-4915-8274-EC9722BBD275}.Ad-Hoc|Any CPU.Build.0 = Debug|ARM
		{916F8230-CC69-4915-8274-EC9722BBD275}.Ad-Hoc|Any CPU.Deploy.0 = Debug|ARM
		{916F8230-CC69-4915-8274-EC9722BBD275}.Ad-Hoc|ARM.ActiveCfg = Debug|ARM
		{916F8230-CC69-4915-8274-EC9722BBD275}.Ad-Hoc|ARM.Build.0 = Debug|ARM
		{916F8230-CC69-4915-8274-EC9722BBD275}.Ad-Hoc|ARM.Deploy.0 = Debug|ARM
		{916F8230-CC69-4915-8274-EC9722BBD275}.Ad-Hoc|iPhone.ActiveCfg = Debug|ARM
		{916F8230-CC69-4915-8274-EC9722BBD275}.Ad-Hoc|iPhone.Build.0 = Debug|ARM
		{916F8230-CC69-4915-8274-EC9722BBD275}.Ad-Hoc|iPhone.Deploy.0 = Debug|ARM
		{916F8230-CC69-4915-8274-EC9722BBD275}.Ad-Hoc|iPhoneSimulator.ActiveCfg = Debug|ARM
		{916F8230-CC69-4915-8274-EC9722BBD275}.Ad-Hoc|iPhoneSimulator.Build.0 = Debug|ARM
		{916F8230-CC69-4915-8274-EC9722BBD275}.Ad-Hoc|iPhoneSimulator.Deploy.0 = Debug|ARM
		{916F8230-CC69-4915-8274-EC9722BBD275}.Ad-Hoc|x64.ActiveCfg = Debug|x64
		{916F8230-CC69-4915-8274-EC9722BBD275}.Ad-Hoc|x64.Build.0 = Debug|x64
		{916F8230-CC69-4915-8274-EC9722BBD275}.Ad-Hoc|x64.Deploy.0 = Debug|x64
		{916F8230-CC69-4915-8274-EC9722BBD275}.Ad-Hoc|x86.ActiveCfg = Debug|x86
		{916F8230-CC69-4915-8274-EC9722BBD275}.Ad-Hoc|x86.Build.0 = Debug|x86
		{916F8230-CC69-4915-8274-EC9722BBD275}.Ad-Hoc|x86.Deploy.0 = Debug|x86
		{916F8230-CC69-4915-8274-EC9722BBD275}.AppStore|Any CPU.ActiveCfg = Debug|ARM
		{916F8230-CC69-4915-8274-EC9722BBD275}.AppStore|Any CPU.Build.0 = Debug|ARM
		{916F8230-CC69-4915-8274-EC9722BBD275}.AppStore|Any CPU.Deploy.0 = Debug|ARM
		{916F8230-CC69-4915-8274-EC9722BBD275}.AppStore|ARM.ActiveCfg = Debug|ARM
		{916F8230-CC69-4915-8274-EC9722BBD275}.AppStore|ARM.Build.0 = Debug|ARM
		{916F8230-CC69-4915-8274-EC9722BBD275}.AppStore|ARM.Deploy.0 = Debug|ARM
		{916F8230-CC69-4915-8274-EC9722BBD275}.AppStore|iPhone.ActiveCfg = Debug|ARM
		{916F8230-CC69-4915-8274-EC9722BBD275}.AppStore|iPhone.Build.0 = Debug|ARM
		{916F8230-CC69-4915-8274-EC9722BBD275}.AppStore|iPhone.Deploy.0 = Debug|ARM
		{916F8230-CC69-4915-8274-EC9722BBD275}.AppStore|iPhoneSimulator.ActiveCfg = Debug|ARM
		{916F8230-CC69-4915-8274-EC9722BBD275}.AppStore|iPhoneSimulator.Build.0 = Debug|ARM
		{916F8230-CC69-4915-8274-EC9722BBD275}.AppStore|iPhoneSimulator.Deploy.0 = Debug|ARM
		{916F8230-CC69-4915-8274-EC9722BBD275}.AppStore|x64.ActiveCfg = Debug|x64
		{916F8230-CC69-4915-8274-EC9722BBD275}.AppStore|x64.Build.0 = Debug|x64
		{916F8230-CC69-4915-8274-EC9722BBD275}.AppStore|x64.Deploy.0 = Debug|x64
		{916F8230-CC69-4915-8274-EC9722BBD275}.AppStore|x86.ActiveCfg = Debug|x86
		{916F8230-CC69-4915-8274-EC9722BBD275}.AppStore|x86.Build.0 = Debug|x86
		{916F8230-CC69-4915-8274-EC9722BBD275}.AppStore|x86.Deploy.0 = Debug|x86
		{916F8230-CC69-4915-8274-EC9722BBD275}.Debug|Any CPU.ActiveCfg = Debug|x86
		{916F8230-CC69-4915-8274-EC9722BBD275}.Debug|ARM.ActiveCfg = Debug|ARM
		{916F8230-CC69-4915-8274-EC9722BBD275}.Debug|ARM.Build.0 = Debug|ARM
		{916F8230-CC69-4915-8274-EC9722BBD275}.Debug|ARM.Deploy.0 = Debug|ARM
		{916F8230-CC69-4915-8274-EC9722BBD275}.Debug|iPhone.ActiveCfg = Debug|x86
		{916F8230-CC69-4915-8274-EC9722BBD275}.Debug|iPhoneSimulator.ActiveCfg = Debug|x86
		{916F8230-CC69-4915-8274-EC9722BBD275}.Debug|x64.ActiveCfg = Debug|x64
		{916F8230-CC69-4915-8274-EC9722BBD275}.Debug|x64.Build.0 = Debug|x64
		{916F8230-CC69-4915-8274-EC9722BBD275}.Debug|x64.Deploy.0 = Debug|x64
		{916F8230-CC69-4915-8274-EC9722BBD275}.Debug|x86.ActiveCfg = Debug|x86
		{916F8230-CC69-4915-8274-EC9722BBD275}.Debug|x86.Build.0 = Debug|x86
		{916F8230-CC69-4915-8274-EC9722BBD275}.Debug|x86.Deploy.0 = Debug|x86
		{916F8230-CC69-4915-8274-EC9722BBD275}.Release|Any CPU.ActiveCfg = Release|x86
		{916F8230-CC69-4915-8274-EC9722BBD275}.Release|ARM.ActiveCfg = Release|ARM
		{916F8230-CC69-4915-8274-EC9722BBD275}.Release|ARM.Build.0 = Release|ARM
		{916F8230-CC69-4915-8274-EC9722BBD275}.Release|ARM.Deploy.0 = Release|ARM
		{916F8230-CC69-4915-8274-EC9722BBD275}.Release|iPhone.ActiveCfg = Release|x86
		{916F8230-CC69-4915-8274-EC9722BBD275}.Release|iPhoneSimulator.ActiveCfg = Release|x86
		{916F8230-CC69-4915-8274-EC9722BBD275}.Release|x64.ActiveCfg = Release|x64
		{916F8230-CC69-4915-8274-EC9722BBD275}.Release|x64.Build.0 = Release|x64
		{916F8230-CC69-4915-8274-EC9722BBD275}.Release|x64.Deploy.0 = Release|x64
		{916F8230-CC69-4915-8274-EC9722BBD275}.Release|x86.ActiveCfg = Release|x86
		{916F8230-CC69-4915-8274-EC9722BBD275}.Release|x86.Build.0 = Release|x86
		{916F8230-CC69-4915-8274-EC9722BBD275}.Release|x86.Deploy.0 = Release|x86
	EndGlobalSection
	GlobalSection(SolutionProperties) = preSolution
		HideSolutionNode = FALSE
	EndGlobalSection
	GlobalSection(NestedProjects) = preSolution
		{3A264849-CB41-4B7B-A449-EDEB488117DE} = {85B2A0F2-1C2D-49F7-8BEA-1CF62A167EE3}
		{F4190B46-0739-492F-B459-532ECC82E038} = {2940EBF9-312C-4787-B8D3-718E3F7D75BD}
		{03F25671-B07F-4821-9984-F128CEA73405} = {2940EBF9-312C-4787-B8D3-718E3F7D75BD}
		{8A8CDBF6-9A4D-4B6D-8D1E-36B4FCB56DC2} = {2940EBF9-312C-4787-B8D3-718E3F7D75BD}
		{916F8230-CC69-4915-8274-EC9722BBD275} = {2940EBF9-312C-4787-B8D3-718E3F7D75BD}
	EndGlobalSection
	GlobalSection(ExtensibilityGlobals) = postSolution
		SolutionGuid = {7284EA04-DE7C-4848-AB24-43F60F8C23B7}
	EndGlobalSection
EndGlobal
